// !$*UTF8*$!
{
	archiveVersion = 1;
	classes = {
	};
	objectVersion = 50;
	objects = {

/* Begin PBXBuildFile section */
		006A305224AA3E630071A879 /* AppDelegate.swift in Sources */ = {isa = PBXBuildFile; fileRef = 006A305124AA3E630071A879 /* AppDelegate.swift */; };
		006A305424AA3E630071A879 /* art.scnassets in Resources */ = {isa = PBXBuildFile; fileRef = 006A305324AA3E630071A879 /* art.scnassets */; };
		006A305624AA3E630071A879 /* ViewController.swift in Sources */ = {isa = PBXBuildFile; fileRef = 006A305524AA3E630071A879 /* ViewController.swift */; };
		006A305924AA3E630071A879 /* Main.storyboard in Resources */ = {isa = PBXBuildFile; fileRef = 006A305724AA3E630071A879 /* Main.storyboard */; };
		006A305B24AA3E640071A879 /* Assets.xcassets in Resources */ = {isa = PBXBuildFile; fileRef = 006A305A24AA3E640071A879 /* Assets.xcassets */; };
		006A305E24AA3E640071A879 /* LaunchScreen.storyboard in Resources */ = {isa = PBXBuildFile; fileRef = 006A305C24AA3E640071A879 /* LaunchScreen.storyboard */; };
		006A306724AA665A0071A879 /* Vitrual Content.swift in Sources */ = {isa = PBXBuildFile; fileRef = 006A306624AA665A0071A879 /* Vitrual Content.swift */; };
		006A306B24AA685C0071A879 /* TexturedFaceIronMan.swift in Sources */ = {isa = PBXBuildFile; fileRef = 006A306A24AA685C0071A879 /* TexturedFaceIronMan.swift */; };
		006A306D24AA68790071A879 /* TexturedFaceBatMan.swift in Sources */ = {isa = PBXBuildFile; fileRef = 006A306C24AA68790071A879 /* TexturedFaceBatMan.swift */; };
		006A306F24AA688D0071A879 /* TexturedFaceHulk.swift in Sources */ = {isa = PBXBuildFile; fileRef = 006A306E24AA688D0071A879 /* TexturedFaceHulk.swift */; };
		006A307124AA689D0071A879 /* TexturedFaceFlash.swift in Sources */ = {isa = PBXBuildFile; fileRef = 006A307024AA689D0071A879 /* TexturedFaceFlash.swift */; };
/* End PBXBuildFile section */

/* Begin PBXFileReference section */
		006A304E24AA3E630071A879 /* Hero Faces.app */ = {isa = PBXFileReference; explicitFileType = wrapper.application; includeInIndex = 0; path = "Hero Faces.app"; sourceTree = BUILT_PRODUCTS_DIR; };
		006A305124AA3E630071A879 /* AppDelegate.swift */ = {isa = PBXFileReference; lastKnownFileType = sourcecode.swift; path = AppDelegate.swift; sourceTree = "<group>"; };
		006A305324AA3E630071A879 /* art.scnassets */ = {isa = PBXFileReference; lastKnownFileType = wrapper.scnassets; path = art.scnassets; sourceTree = "<group>"; };
		006A305524AA3E630071A879 /* ViewController.swift */ = {isa = PBXFileReference; lastKnownFileType = sourcecode.swift; path = ViewController.swift; sourceTree = "<group>"; };
		006A305824AA3E630071A879 /* Base */ = {isa = PBXFileReference; lastKnownFileType = file.storyboard; name = Base; path = Base.lproj/Main.storyboard; sourceTree = "<group>"; };
		006A305A24AA3E640071A879 /* Assets.xcassets */ = {isa = PBXFileReference; lastKnownFileType = folder.assetcatalog; path = Assets.xcassets; sourceTree = "<group>"; };
		006A305D24AA3E640071A879 /* Base */ = {isa = PBXFileReference; lastKnownFileType = file.storyboard; name = Base; path = Base.lproj/LaunchScreen.storyboard; sourceTree = "<group>"; };
		006A305F24AA3E640071A879 /* Info.plist */ = {isa = PBXFileReference; lastKnownFileType = text.plist.xml; path = Info.plist; sourceTree = "<group>"; };
		006A306624AA665A0071A879 /* Vitrual Content.swift */ = {isa = PBXFileReference; lastKnownFileType = sourcecode.swift; path = "Vitrual Content.swift"; sourceTree = "<group>"; };
		006A306A24AA685C0071A879 /* TexturedFaceIronMan.swift */ = {isa = PBXFileReference; lastKnownFileType = sourcecode.swift; path = TexturedFaceIronMan.swift; sourceTree = "<group>"; };
		006A306C24AA68790071A879 /* TexturedFaceBatMan.swift */ = {isa = PBXFileReference; lastKnownFileType = sourcecode.swift; path = TexturedFaceBatMan.swift; sourceTree = "<group>"; };
		006A306E24AA688D0071A879 /* TexturedFaceHulk.swift */ = {isa = PBXFileReference; lastKnownFileType = sourcecode.swift; path = TexturedFaceHulk.swift; sourceTree = "<group>"; };
		006A307024AA689D0071A879 /* TexturedFaceFlash.swift */ = {isa = PBXFileReference; lastKnownFileType = sourcecode.swift; path = TexturedFaceFlash.swift; sourceTree = "<group>"; };
/* End PBXFileReference section */

/* Begin PBXFrameworksBuildPhase section */
		006A304B24AA3E630071A879 /* Frameworks */ = {
			isa = PBXFrameworksBuildPhase;
			buildActionMask = 2147483647;
			files = (
			);
			runOnlyForDeploymentPostprocessing = 0;
		};
/* End PBXFrameworksBuildPhase section */

/* Begin PBXGroup section */
		006A304524AA3E630071A879 = {
			isa = PBXGroup;
			children = (
				006A305024AA3E630071A879 /* Hero Faces */,
				006A304F24AA3E630071A879 /* Products */,
			);
			sourceTree = "<group>";
		};
		006A304F24AA3E630071A879 /* Products */ = {
			isa = PBXGroup;
			children = (
				006A304E24AA3E630071A879 /* Hero Faces.app */,
			);
			name = Products;
			sourceTree = "<group>";
		};
		006A305024AA3E630071A879 /* Hero Faces */ = {
			isa = PBXGroup;
			children = (
				006A306524AA66210071A879 /* Face Overlay */,
				006A305124AA3E630071A879 /* AppDelegate.swift */,
				006A305324AA3E630071A879 /* art.scnassets */,
				006A305524AA3E630071A879 /* ViewController.swift */,
				006A305724AA3E630071A879 /* Main.storyboard */,
				006A305A24AA3E640071A879 /* Assets.xcassets */,
				006A305C24AA3E640071A879 /* LaunchScreen.storyboard */,
				006A305F24AA3E640071A879 /* Info.plist */,
			);
			path = "Hero Faces";
			sourceTree = "<group>";
		};
		006A306524AA66210071A879 /* Face Overlay */ = {
			isa = PBXGroup;
			children = (
				006A306624AA665A0071A879 /* Vitrual Content.swift */,
				006A306A24AA685C0071A879 /* TexturedFaceIronMan.swift */,
				006A306C24AA68790071A879 /* TexturedFaceBatMan.swift */,
				006A306E24AA688D0071A879 /* TexturedFaceHulk.swift */,
				006A307024AA689D0071A879 /* TexturedFaceFlash.swift */,
			);
			path = "Face Overlay";
			sourceTree = "<group>";
		};
/* End PBXGroup section */

/* Begin PBXNativeTarget section */
		006A304D24AA3E630071A879 /* Hero Faces */ = {
			isa = PBXNativeTarget;
			buildConfigurationList = 006A306224AA3E640071A879 /* Build configuration list for PBXNativeTarget "Hero Faces" */;
			buildPhases = (
				006A304A24AA3E630071A879 /* Sources */,
				006A304B24AA3E630071A879 /* Frameworks */,
				006A304C24AA3E630071A879 /* Resources */,
			);
			buildRules = (
			);
			dependencies = (
			);
			name = "Hero Faces";
			productName = "Hero Faces";
			productReference = 006A304E24AA3E630071A879 /* Hero Faces.app */;
			productType = "com.apple.product-type.application";
		};
/* End PBXNativeTarget section */

/* Begin PBXProject section */
		006A304624AA3E630071A879 /* Project object */ = {
			isa = PBXProject;
			attributes = {
				LastSwiftUpdateCheck = 1150;
				LastUpgradeCheck = 1150;
				ORGANIZATIONNAME = BMCC;
				TargetAttributes = {
					006A304D24AA3E630071A879 = {
						CreatedOnToolsVersion = 11.5;
					};
				};
			};
			buildConfigurationList = 006A304924AA3E630071A879 /* Build configuration list for PBXProject "Hero Faces" */;
			compatibilityVersion = "Xcode 9.3";
			developmentRegion = en;
			hasScannedForEncodings = 0;
			knownRegions = (
				en,
				Base,
			);
			mainGroup = 006A304524AA3E630071A879;
			productRefGroup = 006A304F24AA3E630071A879 /* Products */;
			projectDirPath = "";
			projectRoot = "";
			targets = (
				006A304D24AA3E630071A879 /* Hero Faces */,
			);
		};
/* End PBXProject section */

/* Begin PBXResourcesBuildPhase section */
		006A304C24AA3E630071A879 /* Resources */ = {
			isa = PBXResourcesBuildPhase;
			buildActionMask = 2147483647;
			files = (
				006A305424AA3E630071A879 /* art.scnassets in Resources */,
				006A305E24AA3E640071A879 /* LaunchScreen.storyboard in Resources */,
				006A305B24AA3E640071A879 /* Assets.xcassets in Resources */,
				006A305924AA3E630071A879 /* Main.storyboard in Resources */,
			);
			runOnlyForDeploymentPostprocessing = 0;
		};
/* End PBXResourcesBuildPhase section */

/* Begin PBXSourcesBuildPhase section */
		006A304A24AA3E630071A879 /* Sources */ = {
			isa = PBXSourcesBuildPhase;
			buildActionMask = 2147483647;
			files = (
				006A306D24AA68790071A879 /* TexturedFaceBatMan.swift in Sources */,
				006A306B24AA685C0071A879 /* TexturedFaceIronMan.swift in Sources */,
				006A306724AA665A0071A879 /* Vitrual Content.swift in Sources */,
				006A305624AA3E630071A879 /* ViewController.swift in Sources */,
				006A305224AA3E630071A879 /* AppDelegate.swift in Sources */,
				006A307124AA689D0071A879 /* TexturedFaceFlash.swift in Sources */,
				006A306F24AA688D0071A879 /* TexturedFaceHulk.swift in Sources */,
			);
			runOnlyForDeploymentPostprocessing = 0;
		};
/* End PBXSourcesBuildPhase section */

/* Begin PBXVariantGroup section */
		006A305724AA3E630071A879 /* Main.storyboard */ = {
			isa = PBXVariantGroup;
			children = (
				006A305824AA3E630071A879 /* Base */,
			);
			name = Main.storyboard;
			sourceTree = "<group>";
		};
		006A305C24AA3E640071A879 /* LaunchScreen.storyboard */ = {
			isa = PBXVariantGroup;
			children = (
				006A305D24AA3E640071A879 /* Base */,
			);
			name = LaunchScreen.storyboard;
			sourceTree = "<group>";
		};
/* End PBXVariantGroup section */

/* Begin XCBuildConfiguration section */
		006A306024AA3E640071A879 /* Debug */ = {
			isa = XCBuildConfiguration;
			buildSettings = {
				ALWAYS_SEARCH_USER_PATHS = NO;
				CLANG_ANALYZER_NONNULL = YES;
				CLANG_ANALYZER_NUMBER_OBJECT_CONVERSION = YES_AGGRESSIVE;
				CLANG_CXX_LANGUAGE_STANDARD = "gnu++14";
				CLANG_CXX_LIBRARY = "libc++";
				CLANG_ENABLE_MODULES = YES;
				CLANG_ENABLE_OBJC_ARC = YES;
				CLANG_ENABLE_OBJC_WEAK = YES;
				CLANG_WARN_BLOCK_CAPTURE_AUTORELEASING = YES;
				CLANG_WARN_BOOL_CONVERSION = YES;
				CLANG_WARN_COMMA = YES;
				CLANG_WARN_CONSTANT_CONVERSION = YES;
				CLANG_WARN_DEPRECATED_OBJC_IMPLEMENTATIONS = YES;
				CLANG_WARN_DIRECT_OBJC_ISA_USAGE = YES_ERROR;
				CLANG_WARN_DOCUMENTATION_COMMENTS = YES;
				CLANG_WARN_EMPTY_BODY = YES;
				CLANG_WARN_ENUM_CONVERSION = YES;
				CLANG_WARN_INFINITE_RECURSION = YES;
				CLANG_WARN_INT_CONVERSION = YES;
				CLANG_WARN_NON_LITERAL_NULL_CONVERSION = YES;
				CLANG_WARN_OBJC_IMPLICIT_RETAIN_SELF = YES;
				CLANG_WARN_OBJC_LITERAL_CONVERSION = YES;
				CLANG_WARN_OBJC_ROOT_CLASS = YES_ERROR;
				CLANG_WARN_RANGE_LOOP_ANALYSIS = YES;
				CLANG_WARN_STRICT_PROTOTYPES = YES;
				CLANG_WARN_SUSPICIOUS_MOVE = YES;
				CLANG_WARN_UNGUARDED_AVAILABILITY = YES_AGGRESSIVE;
				CLANG_WARN_UNREACHABLE_CODE = YES;
				CLANG_WARN__DUPLICATE_METHOD_MATCH = YES;
				COPY_PHASE_STRIP = NO;
				DEBUG_INFORMATION_FORMAT = dwarf;
				ENABLE_STRICT_OBJC_MSGSEND = YES;
				ENABLE_TESTABILITY = YES;
				GCC_C_LANGUAGE_STANDARD = gnu11;
				GCC_DYNAMIC_NO_PIC = NO;
				GCC_NO_COMMON_BLOCKS = YES;
				GCC_OPTIMIZATION_LEVEL = 0;
				GCC_PREPROCESSOR_DEFINITIONS = (
					"DEBUG=1",
					"$(inherited)",
				);
				GCC_WARN_64_TO_32_BIT_CONVERSION = YES;
				GCC_WARN_ABOUT_RETURN_TYPE = YES_ERROR;
				GCC_WARN_UNDECLARED_SELECTOR = YES;
				GCC_WARN_UNINITIALIZED_AUTOS = YES_AGGRESSIVE;
				GCC_WARN_UNUSED_FUNCTION = YES;
				GCC_WARN_UNUSED_VARIABLE = YES;
				IPHONEOS_DEPLOYMENT_TARGET = 13.5;
				MTL_ENABLE_DEBUG_INFO = INCLUDE_SOURCE;
				MTL_FAST_MATH = YES;
				ONLY_ACTIVE_ARCH = YES;
				SDKROOT = iphoneos;
				SWIFT_ACTIVE_COMPILATION_CONDITIONS = DEBUG;
				SWIFT_OPTIMIZATION_LEVEL = "-Onone";
			};
			name = Debug;
		};
		006A306124AA3E640071A879 /* Release */ = {
			isa = XCBuildConfiguration;
			buildSettings = {
				ALWAYS_SEARCH_USER_PATHS = NO;
				CLANG_ANALYZER_NONNULL = YES;
				CLANG_ANALYZER_NUMBER_OBJECT_CONVERSION = YES_AGGRESSIVE;
				CLANG_CXX_LANGUAGE_STANDARD = "gnu++14";
				CLANG_CXX_LIBRARY = "libc++";
				CLANG_ENABLE_MODULES = YES;
				CLANG_ENABLE_OBJC_ARC = YES;
				CLANG_ENABLE_OBJC_WEAK = YES;
				CLANG_WARN_BLOCK_CAPTURE_AUTORELEASING = YES;
				CLANG_WARN_BOOL_CONVERSION = YES;
				CLANG_WARN_COMMA = YES;
				CLANG_WARN_CONSTANT_CONVERSION = YES;
				CLANG_WARN_DEPRECATED_OBJC_IMPLEMENTATIONS = YES;
				CLANG_WARN_DIRECT_OBJC_ISA_USAGE = YES_ERROR;
				CLANG_WARN_DOCUMENTATION_COMMENTS = YES;
				CLANG_WARN_EMPTY_BODY = YES;
				CLANG_WARN_ENUM_CONVERSION = YES;
				CLANG_WARN_INFINITE_RECURSION = YES;
				CLANG_WARN_INT_CONVERSION = YES;
				CLANG_WARN_NON_LITERAL_NULL_CONVERSION = YES;
				CLANG_WARN_OBJC_IMPLICIT_RETAIN_SELF = YES;
				CLANG_WARN_OBJC_LITERAL_CONVERSION = YES;
				CLANG_WARN_OBJC_ROOT_CLASS = YES_ERROR;
				CLANG_WARN_RANGE_LOOP_ANALYSIS = YES;
				CLANG_WARN_STRICT_PROTOTYPES = YES;
				CLANG_WARN_SUSPICIOUS_MOVE = YES;
				CLANG_WARN_UNGUARDED_AVAILABILITY = YES_AGGRESSIVE;
				CLANG_WARN_UNREACHABLE_CODE = YES;
				CLANG_WARN__DUPLICATE_METHOD_MATCH = YES;
				COPY_PHASE_STRIP = NO;
				DEBUG_INFORMATION_FORMAT = "dwarf-with-dsym";
				ENABLE_NS_ASSERTIONS = NO;
				ENABLE_STRICT_OBJC_MSGSEND = YES;
				GCC_C_LANGUAGE_STANDARD = gnu11;
				GCC_NO_COMMON_BLOCKS = YES;
				GCC_WARN_64_TO_32_BIT_CONVERSION = YES;
				GCC_WARN_ABOUT_RETURN_TYPE = YES_ERROR;
				GCC_WARN_UNDECLARED_SELECTOR = YES;
				GCC_WARN_UNINITIALIZED_AUTOS = YES_AGGRESSIVE;
				GCC_WARN_UNUSED_FUNCTION = YES;
				GCC_WARN_UNUSED_VARIABLE = YES;
				IPHONEOS_DEPLOYMENT_TARGET = 13.5;
				MTL_ENABLE_DEBUG_INFO = NO;
				MTL_FAST_MATH = YES;
				SDKROOT = iphoneos;
				SWIFT_COMPILATION_MODE = wholemodule;
				SWIFT_OPTIMIZATION_LEVEL = "-O";
				VALIDATE_PRODUCT = YES;
			};
			name = Release;
		};
		006A306324AA3E640071A879 /* Debug */ = {
			isa = XCBuildConfiguration;
			buildSettings = {
				ASSETCATALOG_COMPILER_APPICON_NAME = AppIcon;
				CODE_SIGN_STYLE = Automatic;
				DEVELOPMENT_TEAM = UH2SK354J5;
				INFOPLIST_FILE = "Hero Faces/Info.plist";
				LD_RUNPATH_SEARCH_PATHS = (
					"$(inherited)",
					"@executable_path/Frameworks",
				);
				PRODUCT_BUNDLE_IDENTIFIER = "edu.cuny.bmcc.Hero-Faces";
				PRODUCT_NAME = "$(TARGET_NAME)";
				SWIFT_VERSION = 5.0;
				TARGETED_DEVICE_FAMILY = "1,2";
			};
			name = Debug;
		};
		006A306424AA3E640071A879 /* Release */ = {
			isa = XCBuildConfiguration;
			buildSettings = {
				ASSETCATALOG_COMPILER_APPICON_NAME = AppIcon;
				CODE_SIGN_STYLE = Automatic;
				DEVELOPMENT_TEAM = UH2SK354J5;
				INFOPLIST_FILE = "Hero Faces/Info.plist";
				LD_RUNPATH_SEARCH_PATHS = (
					"$(inherited)",
					"@executable_path/Frameworks",
				);
				PRODUCT_BUNDLE_IDENTIFIER = "edu.cuny.bmcc.Hero-Faces";
				PRODUCT_NAME = "$(TARGET_NAME)";
				SWIFT_VERSION = 5.0;
				TARGETED_DEVICE_FAMILY = "1,2";
			};
			name = Release;
		};
/* End XCBuildConfiguration section */

/* Begin XCConfigurationList section */
		006A304924AA3E630071A879 /* Build configuration list for PBXProject "Hero Faces" */ = {
			isa = XCConfigurationList;
			buildConfigurations = (
				006A306024AA3E640071A879 /* Debug */,
				006A306124AA3E640071A879 /* Release */,
			);
			defaultConfigurationIsVisible = 0;
			defaultConfigurationName = Release;
		};
		006A306224AA3E640071A879 /* Build configuration list for PBXNativeTarget "Hero Faces" */ = {
			isa = XCConfigurationList;
			buildConfigurations = (
				006A306324AA3E640071A879 /* Debug */,
				006A306424AA3E640071A879 /* Release */,
			);
			defaultConfigurationIsVisible = 0;
			defaultConfigurationName = Release;
		};
/* End XCConfigurationList section */
	};
	rootObject = 006A304624AA3E630071A879 /* Project object */;
}
